
Microsoft Visual Studio Solution File, Format Version 12.00
# Visual Studio 15
VisualStudioVersion = 15.0.28307.1082
MinimumVisualStudioVersion = 10.0.40219.1
Project("{FAE04EC0-301F-11D3-BF4B-00C04F79EFBC}") = "RESTAPI_Stock", "RESTAPI_Stock\RESTAPI_Stock.csproj", "{8DC483F7-DD26-4DF9-B5C9-9CC71489EA98}"
EndProject
Global
	GlobalSection(SolutionConfigurationPlatforms) = preSolution
		Debug|Any CPU = Debug|Any CPU
		Release|Any CPU = Release|Any CPU
	EndGlobalSection
	GlobalSection(ProjectConfigurationPlatforms) = postSolution
		{8DC483F7-DD26-4DF9-B5C9-9CC71489EA98}.Debug|Any CPU.ActiveCfg = Debug|Any CPU
		{8DC483F7-DD26-4DF9-B5C9-9CC71489EA98}.Debug|Any CPU.Build.0 = Debug|Any CPU
		{8DC483F7-DD26-4DF9-B5C9-9CC71489EA98}.Release|Any CPU.ActiveCfg = Release|Any CPU
		{8DC483F7-DD26-4DF9-B5C9-9CC71489EA98}.Release|Any CPU.Build.0 = Release|Any CPU
	EndGlobalSection
	GlobalSection(SolutionProperties) = preSolution
		HideSolutionNode = FALSE
	EndGlobalSection
	GlobalSection(ExtensibilityGlobals) = postSolution
		SolutionGuid = {4DFBD8F8-7442-4BB2-9E9E-A192843C0506}
	EndGlobalSection
EndGlobal
